// !$*UTF8*$!
{
	archiveVersion = 1;
	classes = {
	};
	objectVersion = 46;
	objects = {

/* Begin PBXBuildFile section */
		E20F21B01B2EC16B00F6B489 /* LoginViewController.m in Sources */ = {isa = PBXBuildFile; fileRef = E20F21AF1B2EC16B00F6B489 /* LoginViewController.m */; };
		E20F21B31B2EC57B00F6B489 /* MyBookingsListViewController.m in Sources */ = {isa = PBXBuildFile; fileRef = E20F21B21B2EC57B00F6B489 /* MyBookingsListViewController.m */; };
		E20F21B61B2ECCA000F6B489 /* AuthenticationService.m in Sources */ = {isa = PBXBuildFile; fileRef = E20F21B51B2ECCA000F6B489 /* AuthenticationService.m */; };
		E2285BC11B448EDB00EA9E02 /* FindLocationViewController.m in Sources */ = {isa = PBXBuildFile; fileRef = E2285BC01B448EDB00EA9E02 /* FindLocationViewController.m */; };
		E2285BC41B44A3C900EA9E02 /* WorkspaceListViewController.m in Sources */ = {isa = PBXBuildFile; fileRef = E2285BC31B44A3C900EA9E02 /* WorkspaceListViewController.m */; };
		E23274B51B31B9AB0043245F /* Booking+JSONSerializer.m in Sources */ = {isa = PBXBuildFile; fileRef = E23274B41B31B9AB0043245F /* Booking+JSONSerializer.m */; };
		E234689B1B4C524200213ADC /* MapViewController.m in Sources */ = {isa = PBXBuildFile; fileRef = E234689A1B4C524200213ADC /* MapViewController.m */; };
		E234689D1B4C543E00213ADC /* MapKit.framework in Frameworks */ = {isa = PBXBuildFile; fileRef = E234689C1B4C543E00213ADC /* MapKit.framework */; };
		E237ED1A1B433D3D00A02C1B /* BookingService.m in Sources */ = {isa = PBXBuildFile; fileRef = E237ED191B433D3C00A02C1B /* BookingService.m */; };
		E241E6441B6099CF00105343 /* WorkspaceTypeService.m in Sources */ = {isa = PBXBuildFile; fileRef = E241E6431B6099CF00105343 /* WorkspaceTypeService.m */; };
		E241E6471B60C71800105343 /* Annotation.m in Sources */ = {isa = PBXBuildFile; fileRef = E241E6461B60C71800105343 /* Annotation.m */; };
		E26869A11B0E716200801089 /* CardType.m in Sources */ = {isa = PBXBuildFile; fileRef = E26869A01B0E716200801089 /* CardType.m */; };
		E26869A41B0E72F300801089 /* User.m in Sources */ = {isa = PBXBuildFile; fileRef = E26869A31B0E72F300801089 /* User.m */; };
		E26869A71B0E740800801089 /* Workspace.m in Sources */ = {isa = PBXBuildFile; fileRef = E26869A61B0E740800801089 /* Workspace.m */; };
		E26869AB1B0E755100801089 /* Booking.m in Sources */ = {isa = PBXBuildFile; fileRef = E26869AA1B0E755100801089 /* Booking.m */; };
		E26869AE1B0E77CB00801089 /* WorkspaceType.m in Sources */ = {isa = PBXBuildFile; fileRef = E26869AD1B0E77CB00801089 /* WorkspaceType.m */; };
		E26869B11B0F990700801089 /* User+JSONSerializer.m in Sources */ = {isa = PBXBuildFile; fileRef = E26869B01B0F990700801089 /* User+JSONSerializer.m */; };
		E286D5B71B45E6980009B20E /* WorkspaceService.m in Sources */ = {isa = PBXBuildFile; fileRef = E286D5B61B45E6980009B20E /* WorkspaceService.m */; };
		E286D5BA1B4983860009B20E /* WorkspaceViewController.m in Sources */ = {isa = PBXBuildFile; fileRef = E286D5B91B4983860009B20E /* WorkspaceViewController.m */; };
		E29C144F1B60184E00A8B439 /* SubscribeViewController.m in Sources */ = {isa = PBXBuildFile; fileRef = E29C144E1B60184E00A8B439 /* SubscribeViewController.m */; };
		E2BA369E1B4A9CD30055D985 /* BookingViewController.m in Sources */ = {isa = PBXBuildFile; fileRef = E2BA369D1B4A9CD30055D985 /* BookingViewController.m */; };
		E2D9A1141B02477200AC80B0 /* main.m in Sources */ = {isa = PBXBuildFile; fileRef = E2D9A1131B02477200AC80B0 /* main.m */; };
		E2D9A1171B02477200AC80B0 /* AppDelegate.m in Sources */ = {isa = PBXBuildFile; fileRef = E2D9A1161B02477200AC80B0 /* AppDelegate.m */; };
		E2D9A11A1B02477200AC80B0 /* HomeViewController.m in Sources */ = {isa = PBXBuildFile; fileRef = E2D9A1191B02477200AC80B0 /* HomeViewController.m */; };
		E2D9A11D1B02477200AC80B0 /* Main.storyboard in Resources */ = {isa = PBXBuildFile; fileRef = E2D9A11B1B02477200AC80B0 /* Main.storyboard */; };
		E2D9A11F1B02477200AC80B0 /* Images.xcassets in Resources */ = {isa = PBXBuildFile; fileRef = E2D9A11E1B02477200AC80B0 /* Images.xcassets */; };
		E2D9A1221B02477200AC80B0 /* LaunchScreen.xib in Resources */ = {isa = PBXBuildFile; fileRef = E2D9A1201B02477200AC80B0 /* LaunchScreen.xib */; };
		E2D9A12E1B02477200AC80B0 /* FindADeskTests.m in Sources */ = {isa = PBXBuildFile; fileRef = E2D9A12D1B02477200AC80B0 /* FindADeskTests.m */; };
		E2ECEDE81B1D90F600B5A69A /* CardType+JSONSerializer.m in Sources */ = {isa = PBXBuildFile; fileRef = E2ECEDE71B1D90F600B5A69A /* CardType+JSONSerializer.m */; };
		E2ECEDEB1B1D936B00B5A69A /* WorkspaceType+JSONSerializer.m in Sources */ = {isa = PBXBuildFile; fileRef = E2ECEDEA1B1D936B00B5A69A /* WorkspaceType+JSONSerializer.m */; };
		E2F792181B1DEFFA00FB70A7 /* SessionManager.m in Sources */ = {isa = PBXBuildFile; fileRef = E2F792171B1DEFFA00FB70A7 /* SessionManager.m */; };
		E2F7921B1B1DF10100FB70A7 /* UserService.m in Sources */ = {isa = PBXBuildFile; fileRef = E2F7921A1B1DF10100FB70A7 /* UserService.m */; };
		E2FA4E361B15033000DADB6D /* Workspace+JSONSerializer.m in Sources */ = {isa = PBXBuildFile; fileRef = E2FA4E351B15033000DADB6D /* Workspace+JSONSerializer.m */; };
/* End PBXBuildFile section */

/* Begin PBXContainerItemProxy section */
		E2D9A1281B02477200AC80B0 /* PBXContainerItemProxy */ = {
			isa = PBXContainerItemProxy;
			containerPortal = E2D9A1061B02477200AC80B0 /* Project object */;
			proxyType = 1;
			remoteGlobalIDString = E2D9A10D1B02477200AC80B0;
			remoteInfo = FindADesk;
		};
/* End PBXContainerItemProxy section */

/* Begin PBXFileReference section */
		E20F21AE1B2EC16B00F6B489 /* LoginViewController.h */ = {isa = PBXFileReference; fileEncoding = 4; lastKnownFileType = sourcecode.c.h; path = LoginViewController.h; sourceTree = "<group>"; };
		E20F21AF1B2EC16B00F6B489 /* LoginViewController.m */ = {isa = PBXFileReference; fileEncoding = 4; lastKnownFileType = sourcecode.c.objc; path = LoginViewController.m; sourceTree = "<group>"; };
		E20F21B11B2EC57B00F6B489 /* MyBookingsListViewController.h */ = {isa = PBXFileReference; fileEncoding = 4; lastKnownFileType = sourcecode.c.h; path = MyBookingsListViewController.h; sourceTree = "<group>"; };
		E20F21B21B2EC57B00F6B489 /* MyBookingsListViewController.m */ = {isa = PBXFileReference; fileEncoding = 4; lastKnownFileType = sourcecode.c.objc; path = MyBookingsListViewController.m; sourceTree = "<group>"; };
		E20F21B41B2ECCA000F6B489 /* AuthenticationService.h */ = {isa = PBXFileReference; fileEncoding = 4; lastKnownFileType = sourcecode.c.h; path = AuthenticationService.h; sourceTree = "<group>"; };
		E20F21B51B2ECCA000F6B489 /* AuthenticationService.m */ = {isa = PBXFileReference; fileEncoding = 4; lastKnownFileType = sourcecode.c.objc; path = AuthenticationService.m; sourceTree = "<group>"; };
		E2285BBF1B448EDB00EA9E02 /* FindLocationViewController.h */ = {isa = PBXFileReference; fileEncoding = 4; lastKnownFileType = sourcecode.c.h; path = FindLocationViewController.h; sourceTree = "<group>"; };
		E2285BC01B448EDB00EA9E02 /* FindLocationViewController.m */ = {isa = PBXFileReference; fileEncoding = 4; lastKnownFileType = sourcecode.c.objc; path = FindLocationViewController.m; sourceTree = "<group>"; };
		E2285BC21B44A3C900EA9E02 /* WorkspaceListViewController.h */ = {isa = PBXFileReference; fileEncoding = 4; lastKnownFileType = sourcecode.c.h; path = WorkspaceListViewController.h; sourceTree = "<group>"; };
		E2285BC31B44A3C900EA9E02 /* WorkspaceListViewController.m */ = {isa = PBXFileReference; fileEncoding = 4; lastKnownFileType = sourcecode.c.objc; path = WorkspaceListViewController.m; sourceTree = "<group>"; };
		E23274B31B31B9AB0043245F /* Booking+JSONSerializer.h */ = {isa = PBXFileReference; fileEncoding = 4; lastKnownFileType = sourcecode.c.h; path = "Booking+JSONSerializer.h"; sourceTree = "<group>"; };
		E23274B41B31B9AB0043245F /* Booking+JSONSerializer.m */ = {isa = PBXFileReference; fileEncoding = 4; lastKnownFileType = sourcecode.c.objc; path = "Booking+JSONSerializer.m"; sourceTree = "<group>"; };
		E23468991B4C524200213ADC /* MapViewController.h */ = {isa = PBXFileReference; fileEncoding = 4; lastKnownFileType = sourcecode.c.h; path = MapViewController.h; sourceTree = "<group>"; };
		E234689A1B4C524200213ADC /* MapViewController.m */ = {isa = PBXFileReference; fileEncoding = 4; lastKnownFileType = sourcecode.c.objc; path = MapViewController.m; sourceTree = "<group>"; };
		E234689C1B4C543E00213ADC /* MapKit.framework */ = {isa = PBXFileReference; lastKnownFileType = wrapper.framework; name = MapKit.framework; path = System/Library/Frameworks/MapKit.framework; sourceTree = SDKROOT; };
		E237ED181B433D3C00A02C1B /* BookingService.h */ = {isa = PBXFileReference; fileEncoding = 4; lastKnownFileType = sourcecode.c.h; path = BookingService.h; sourceTree = "<group>"; };
		E237ED191B433D3C00A02C1B /* BookingService.m */ = {isa = PBXFileReference; fileEncoding = 4; lastKnownFileType = sourcecode.c.objc; path = BookingService.m; sourceTree = "<group>"; };
		E241E6421B6099CF00105343 /* WorkspaceTypeService.h */ = {isa = PBXFileReference; fileEncoding = 4; lastKnownFileType = sourcecode.c.h; path = WorkspaceTypeService.h; sourceTree = "<group>"; };
		E241E6431B6099CF00105343 /* WorkspaceTypeService.m */ = {isa = PBXFileReference; fileEncoding = 4; lastKnownFileType = sourcecode.c.objc; path = WorkspaceTypeService.m; sourceTree = "<group>"; };
		E241E6451B60C71800105343 /* Annotation.h */ = {isa = PBXFileReference; fileEncoding = 4; lastKnownFileType = sourcecode.c.h; path = Annotation.h; sourceTree = "<group>"; };
		E241E6461B60C71800105343 /* Annotation.m */ = {isa = PBXFileReference; fileEncoding = 4; lastKnownFileType = sourcecode.c.objc; path = Annotation.m; sourceTree = "<group>"; };
		E268699F1B0E716200801089 /* CardType.h */ = {isa = PBXFileReference; fileEncoding = 4; lastKnownFileType = sourcecode.c.h; path = CardType.h; sourceTree = "<group>"; };
		E26869A01B0E716200801089 /* CardType.m */ = {isa = PBXFileReference; fileEncoding = 4; lastKnownFileType = sourcecode.c.objc; path = CardType.m; sourceTree = "<group>"; };
		E26869A21B0E72F300801089 /* User.h */ = {isa = PBXFileReference; fileEncoding = 4; lastKnownFileType = sourcecode.c.h; path = User.h; sourceTree = "<group>"; };
		E26869A31B0E72F300801089 /* User.m */ = {isa = PBXFileReference; fileEncoding = 4; lastKnownFileType = sourcecode.c.objc; path = User.m; sourceTree = "<group>"; };
		E26869A51B0E740800801089 /* Workspace.h */ = {isa = PBXFileReference; fileEncoding = 4; lastKnownFileType = sourcecode.c.h; path = Workspace.h; sourceTree = "<group>"; };
		E26869A61B0E740800801089 /* Workspace.m */ = {isa = PBXFileReference; fileEncoding = 4; lastKnownFileType = sourcecode.c.objc; path = Workspace.m; sourceTree = "<group>"; };
		E26869A91B0E755100801089 /* Booking.h */ = {isa = PBXFileReference; fileEncoding = 4; lastKnownFileType = sourcecode.c.h; path = Booking.h; sourceTree = "<group>"; };
		E26869AA1B0E755100801089 /* Booking.m */ = {isa = PBXFileReference; fileEncoding = 4; lastKnownFileType = sourcecode.c.objc; path = Booking.m; sourceTree = "<group>"; };
		E26869AC1B0E77CB00801089 /* WorkspaceType.h */ = {isa = PBXFileReference; fileEncoding = 4; lastKnownFileType = sourcecode.c.h; path = WorkspaceType.h; sourceTree = "<group>"; };
		E26869AD1B0E77CB00801089 /* WorkspaceType.m */ = {isa = PBXFileReference; fileEncoding = 4; lastKnownFileType = sourcecode.c.objc; path = WorkspaceType.m; sourceTree = "<group>"; };
		E26869AF1B0F990700801089 /* User+JSONSerializer.h */ = {isa = PBXFileReference; fileEncoding = 4; lastKnownFileType = sourcecode.c.h; path = "User+JSONSerializer.h"; sourceTree = "<group>"; };
		E26869B01B0F990700801089 /* User+JSONSerializer.m */ = {isa = PBXFileReference; fileEncoding = 4; lastKnownFileType = sourcecode.c.objc; path = "User+JSONSerializer.m"; sourceTree = "<group>"; };
		E286D5B51B45E6980009B20E /* WorkspaceService.h */ = {isa = PBXFileReference; fileEncoding = 4; lastKnownFileType = sourcecode.c.h; path = WorkspaceService.h; sourceTree = "<group>"; };
		E286D5B61B45E6980009B20E /* WorkspaceService.m */ = {isa = PBXFileReference; fileEncoding = 4; lastKnownFileType = sourcecode.c.objc; path = WorkspaceService.m; sourceTree = "<group>"; };
		E286D5B81B4983860009B20E /* WorkspaceViewController.h */ = {isa = PBXFileReference; fileEncoding = 4; lastKnownFileType = sourcecode.c.h; path = WorkspaceViewController.h; sourceTree = "<group>"; };
		E286D5B91B4983860009B20E /* WorkspaceViewController.m */ = {isa = PBXFileReference; fileEncoding = 4; lastKnownFileType = sourcecode.c.objc; path = WorkspaceViewController.m; sourceTree = "<group>"; };
		E29C144D1B60184E00A8B439 /* SubscribeViewController.h */ = {isa = PBXFileReference; fileEncoding = 4; lastKnownFileType = sourcecode.c.h; path = SubscribeViewController.h; sourceTree = "<group>"; };
		E29C144E1B60184E00A8B439 /* SubscribeViewController.m */ = {isa = PBXFileReference; fileEncoding = 4; lastKnownFileType = sourcecode.c.objc; path = SubscribeViewController.m; sourceTree = "<group>"; };
		E2BA369C1B4A9CD30055D985 /* BookingViewController.h */ = {isa = PBXFileReference; fileEncoding = 4; lastKnownFileType = sourcecode.c.h; path = BookingViewController.h; sourceTree = "<group>"; };
		E2BA369D1B4A9CD30055D985 /* BookingViewController.m */ = {isa = PBXFileReference; fileEncoding = 4; lastKnownFileType = sourcecode.c.objc; path = BookingViewController.m; sourceTree = "<group>"; };
		E2D9A10E1B02477200AC80B0 /* FindADesk.app */ = {isa = PBXFileReference; explicitFileType = wrapper.application; includeInIndex = 0; path = FindADesk.app; sourceTree = BUILT_PRODUCTS_DIR; };
		E2D9A1121B02477200AC80B0 /* Info.plist */ = {isa = PBXFileReference; lastKnownFileType = text.plist.xml; path = Info.plist; sourceTree = "<group>"; };
		E2D9A1131B02477200AC80B0 /* main.m */ = {isa = PBXFileReference; lastKnownFileType = sourcecode.c.objc; path = main.m; sourceTree = "<group>"; };
		E2D9A1151B02477200AC80B0 /* AppDelegate.h */ = {isa = PBXFileReference; lastKnownFileType = sourcecode.c.h; path = AppDelegate.h; sourceTree = "<group>"; };
		E2D9A1161B02477200AC80B0 /* AppDelegate.m */ = {isa = PBXFileReference; lastKnownFileType = sourcecode.c.objc; path = AppDelegate.m; sourceTree = "<group>"; };
		E2D9A1181B02477200AC80B0 /* HomeViewController.h */ = {isa = PBXFileReference; lastKnownFileType = sourcecode.c.h; path = HomeViewController.h; sourceTree = "<group>"; };
		E2D9A1191B02477200AC80B0 /* HomeViewController.m */ = {isa = PBXFileReference; lastKnownFileType = sourcecode.c.objc; path = HomeViewController.m; sourceTree = "<group>"; };
		E2D9A11C1B02477200AC80B0 /* Base */ = {isa = PBXFileReference; lastKnownFileType = file.storyboard; name = Base; path = Base.lproj/Main.storyboard; sourceTree = "<group>"; };
		E2D9A11E1B02477200AC80B0 /* Images.xcassets */ = {isa = PBXFileReference; lastKnownFileType = folder.assetcatalog; path = Images.xcassets; sourceTree = "<group>"; };
		E2D9A1211B02477200AC80B0 /* Base */ = {isa = PBXFileReference; lastKnownFileType = file.xib; name = Base; path = Base.lproj/LaunchScreen.xib; sourceTree = "<group>"; };
		E2D9A1271B02477200AC80B0 /* FindADeskTests.xctest */ = {isa = PBXFileReference; explicitFileType = wrapper.cfbundle; includeInIndex = 0; path = FindADeskTests.xctest; sourceTree = BUILT_PRODUCTS_DIR; };
		E2D9A12C1B02477200AC80B0 /* Info.plist */ = {isa = PBXFileReference; lastKnownFileType = text.plist.xml; path = Info.plist; sourceTree = "<group>"; };
		E2D9A12D1B02477200AC80B0 /* FindADeskTests.m */ = {isa = PBXFileReference; lastKnownFileType = sourcecode.c.objc; path = FindADeskTests.m; sourceTree = "<group>"; };
		E2ECEDE61B1D90F600B5A69A /* CardType+JSONSerializer.h */ = {isa = PBXFileReference; fileEncoding = 4; lastKnownFileType = sourcecode.c.h; path = "CardType+JSONSerializer.h"; sourceTree = "<group>"; };
		E2ECEDE71B1D90F600B5A69A /* CardType+JSONSerializer.m */ = {isa = PBXFileReference; fileEncoding = 4; lastKnownFileType = sourcecode.c.objc; path = "CardType+JSONSerializer.m"; sourceTree = "<group>"; };
		E2ECEDE91B1D936B00B5A69A /* WorkspaceType+JSONSerializer.h */ = {isa = PBXFileReference; fileEncoding = 4; lastKnownFileType = sourcecode.c.h; path = "WorkspaceType+JSONSerializer.h"; sourceTree = "<group>"; };
		E2ECEDEA1B1D936B00B5A69A /* WorkspaceType+JSONSerializer.m */ = {isa = PBXFileReference; fileEncoding = 4; lastKnownFileType = sourcecode.c.objc; path = "WorkspaceType+JSONSerializer.m"; sourceTree = "<group>"; };
		E2F792161B1DEFFA00FB70A7 /* SessionManager.h */ = {isa = PBXFileReference; fileEncoding = 4; lastKnownFileType = sourcecode.c.h; path = SessionManager.h; sourceTree = "<group>"; };
		E2F792171B1DEFFA00FB70A7 /* SessionManager.m */ = {isa = PBXFileReference; fileEncoding = 4; lastKnownFileType = sourcecode.c.objc; path = SessionManager.m; sourceTree = "<group>"; };
		E2F792191B1DF10100FB70A7 /* UserService.h */ = {isa = PBXFileReference; fileEncoding = 4; lastKnownFileType = sourcecode.c.h; path = UserService.h; sourceTree = "<group>"; };
		E2F7921A1B1DF10100FB70A7 /* UserService.m */ = {isa = PBXFileReference; fileEncoding = 4; lastKnownFileType = sourcecode.c.objc; path = UserService.m; sourceTree = "<group>"; };
		E2FA4E341B15033000DADB6D /* Workspace+JSONSerializer.h */ = {isa = PBXFileReference; fileEncoding = 4; lastKnownFileType = sourcecode.c.h; path = "Workspace+JSONSerializer.h"; sourceTree = "<group>"; };
		E2FA4E351B15033000DADB6D /* Workspace+JSONSerializer.m */ = {isa = PBXFileReference; fileEncoding = 4; lastKnownFileType = sourcecode.c.objc; path = "Workspace+JSONSerializer.m"; sourceTree = "<group>"; };
/* End PBXFileReference section */

/* Begin PBXFrameworksBuildPhase section */
		E2D9A10B1B02477200AC80B0 /* Frameworks */ = {
			isa = PBXFrameworksBuildPhase;
			buildActionMask = 2147483647;
			files = (
				E234689D1B4C543E00213ADC /* MapKit.framework in Frameworks */,
			);
			runOnlyForDeploymentPostprocessing = 0;
		};
		E2D9A1241B02477200AC80B0 /* Frameworks */ = {
			isa = PBXFrameworksBuildPhase;
			buildActionMask = 2147483647;
			files = (
			);
			runOnlyForDeploymentPostprocessing = 0;
		};
/* End PBXFrameworksBuildPhase section */

/* Begin PBXGroup section */
		E25B5E7D1B05EF14007A1019 /* models */ = {
			isa = PBXGroup;
			children = (
				E26869A81B0E753600801089 /* Booking */,
				E268699E1B0E6E4700801089 /* WorkspaceType */,
				E268699D1B0E6E3600801089 /* Workspace */,
				E268699C1B0E6E2800801089 /* User */,
				E268699B1B0E6DFE00801089 /* CardType */,
			);
			name = models;
			sourceTree = "<group>";
		};
		E268699B1B0E6DFE00801089 /* CardType */ = {
			isa = PBXGroup;
			children = (
				E268699F1B0E716200801089 /* CardType.h */,
				E26869A01B0E716200801089 /* CardType.m */,
				E2ECEDE61B1D90F600B5A69A /* CardType+JSONSerializer.h */,
				E2ECEDE71B1D90F600B5A69A /* CardType+JSONSerializer.m */,
			);
			name = CardType;
			sourceTree = "<group>";
		};
		E268699C1B0E6E2800801089 /* User */ = {
			isa = PBXGroup;
			children = (
				E26869A21B0E72F300801089 /* User.h */,
				E26869A31B0E72F300801089 /* User.m */,
				E26869AF1B0F990700801089 /* User+JSONSerializer.h */,
				E26869B01B0F990700801089 /* User+JSONSerializer.m */,
			);
			name = User;
			sourceTree = "<group>";
		};
		E268699D1B0E6E3600801089 /* Workspace */ = {
			isa = PBXGroup;
			children = (
				E26869A51B0E740800801089 /* Workspace.h */,
				E26869A61B0E740800801089 /* Workspace.m */,
				E2FA4E341B15033000DADB6D /* Workspace+JSONSerializer.h */,
				E2FA4E351B15033000DADB6D /* Workspace+JSONSerializer.m */,
			);
			name = Workspace;
			sourceTree = "<group>";
		};
		E268699E1B0E6E4700801089 /* WorkspaceType */ = {
			isa = PBXGroup;
			children = (
				E26869AC1B0E77CB00801089 /* WorkspaceType.h */,
				E26869AD1B0E77CB00801089 /* WorkspaceType.m */,
				E2ECEDE91B1D936B00B5A69A /* WorkspaceType+JSONSerializer.h */,
				E2ECEDEA1B1D936B00B5A69A /* WorkspaceType+JSONSerializer.m */,
			);
			name = WorkspaceType;
			sourceTree = "<group>";
		};
		E26869A81B0E753600801089 /* Booking */ = {
			isa = PBXGroup;
			children = (
				E26869A91B0E755100801089 /* Booking.h */,
				E26869AA1B0E755100801089 /* Booking.m */,
				E23274B31B31B9AB0043245F /* Booking+JSONSerializer.h */,
				E23274B41B31B9AB0043245F /* Booking+JSONSerializer.m */,
			);
			name = Booking;
			sourceTree = "<group>";
		};
		E2D9A1051B02477200AC80B0 = {
			isa = PBXGroup;
			children = (
				E234689C1B4C543E00213ADC /* MapKit.framework */,
				E2D9A1101B02477200AC80B0 /* FindADesk */,
				E2D9A12A1B02477200AC80B0 /* FindADeskTests */,
				E2D9A10F1B02477200AC80B0 /* Products */,
			);
			sourceTree = "<group>";
		};
		E2D9A10F1B02477200AC80B0 /* Products */ = {
			isa = PBXGroup;
			children = (
				E2D9A10E1B02477200AC80B0 /* FindADesk.app */,
				E2D9A1271B02477200AC80B0 /* FindADeskTests.xctest */,
			);
			name = Products;
			sourceTree = "<group>";
		};
		E2D9A1101B02477200AC80B0 /* FindADesk */ = {
			isa = PBXGroup;
			children = (
				E2F792141B1DEF8D00FB70A7 /* services */,
				E2F792131B1DE2DE00FB70A7 /* controllers */,
				E25B5E7D1B05EF14007A1019 /* models */,
				E2D9A1151B02477200AC80B0 /* AppDelegate.h */,
				E2D9A1161B02477200AC80B0 /* AppDelegate.m */,
				E2D9A11B1B02477200AC80B0 /* Main.storyboard */,
				E2D9A11E1B02477200AC80B0 /* Images.xcassets */,
				E2D9A1201B02477200AC80B0 /* LaunchScreen.xib */,
				E2D9A1111B02477200AC80B0 /* Supporting Files */,
			);
			path = FindADesk;
			sourceTree = "<group>";
		};
		E2D9A1111B02477200AC80B0 /* Supporting Files */ = {
			isa = PBXGroup;
			children = (
				E2D9A1121B02477200AC80B0 /* Info.plist */,
				E2D9A1131B02477200AC80B0 /* main.m */,
			);
			name = "Supporting Files";
			sourceTree = "<group>";
		};
		E2D9A12A1B02477200AC80B0 /* FindADeskTests */ = {
			isa = PBXGroup;
			children = (
				E2D9A12D1B02477200AC80B0 /* FindADeskTests.m */,
				E2D9A12B1B02477200AC80B0 /* Supporting Files */,
			);
			path = FindADeskTests;
			sourceTree = "<group>";
		};
		E2D9A12B1B02477200AC80B0 /* Supporting Files */ = {
			isa = PBXGroup;
			children = (
				E2D9A12C1B02477200AC80B0 /* Info.plist */,
			);
			name = "Supporting Files";
			sourceTree = "<group>";
		};
		E2F792131B1DE2DE00FB70A7 /* controllers */ = {
			isa = PBXGroup;
			children = (
				E2D9A1191B02477200AC80B0 /* HomeViewController.m */,
				E2D9A1181B02477200AC80B0 /* HomeViewController.h */,
				E20F21AE1B2EC16B00F6B489 /* LoginViewController.h */,
				E20F21AF1B2EC16B00F6B489 /* LoginViewController.m */,
				E20F21B11B2EC57B00F6B489 /* MyBookingsListViewController.h */,
				E20F21B21B2EC57B00F6B489 /* MyBookingsListViewController.m */,
				E2285BBF1B448EDB00EA9E02 /* FindLocationViewController.h */,
				E2285BC01B448EDB00EA9E02 /* FindLocationViewController.m */,
				E2285BC21B44A3C900EA9E02 /* WorkspaceListViewController.h */,
				E2285BC31B44A3C900EA9E02 /* WorkspaceListViewController.m */,
				E286D5B81B4983860009B20E /* WorkspaceViewController.h */,
				E286D5B91B4983860009B20E /* WorkspaceViewController.m */,
				E2BA369C1B4A9CD30055D985 /* BookingViewController.h */,
				E2BA369D1B4A9CD30055D985 /* BookingViewController.m */,
				E23468991B4C524200213ADC /* MapViewController.h */,
				E234689A1B4C524200213ADC /* MapViewController.m */,
				E29C144D1B60184E00A8B439 /* SubscribeViewController.h */,
				E29C144E1B60184E00A8B439 /* SubscribeViewController.m */,
				E241E6451B60C71800105343 /* Annotation.h */,
				E241E6461B60C71800105343 /* Annotation.m */,
			);
			name = controllers;
			sourceTree = "<group>";
		};
		E2F792141B1DEF8D00FB70A7 /* services */ = {
			isa = PBXGroup;
			children = (
				E2F792151B1DEFD300FB70A7 /* _core */,
				E2F792191B1DF10100FB70A7 /* UserService.h */,
				E2F7921A1B1DF10100FB70A7 /* UserService.m */,
				E20F21B41B2ECCA000F6B489 /* AuthenticationService.h */,
				E20F21B51B2ECCA000F6B489 /* AuthenticationService.m */,
				E237ED181B433D3C00A02C1B /* BookingService.h */,
				E237ED191B433D3C00A02C1B /* BookingService.m */,
				E286D5B51B45E6980009B20E /* WorkspaceService.h */,
				E286D5B61B45E6980009B20E /* WorkspaceService.m */,
				E241E6421B6099CF00105343 /* WorkspaceTypeService.h */,
				E241E6431B6099CF00105343 /* WorkspaceTypeService.m */,
			);
			name = services;
			sourceTree = "<group>";
		};
		E2F792151B1DEFD300FB70A7 /* _core */ = {
			isa = PBXGroup;
			children = (
				E2F792161B1DEFFA00FB70A7 /* SessionManager.h */,
				E2F792171B1DEFFA00FB70A7 /* SessionManager.m */,
			);
			name = _core;
			sourceTree = "<group>";
		};
/* End PBXGroup section */

/* Begin PBXNativeTarget section */
		E2D9A10D1B02477200AC80B0 /* FindADesk */ = {
			isa = PBXNativeTarget;
			buildConfigurationList = E2D9A1311B02477200AC80B0 /* Build configuration list for PBXNativeTarget "FindADesk" */;
			buildPhases = (
				E2D9A10A1B02477200AC80B0 /* Sources */,
				E2D9A10B1B02477200AC80B0 /* Frameworks */,
				E2D9A10C1B02477200AC80B0 /* Resources */,
			);
			buildRules = (
			);
			dependencies = (
			);
			name = FindADesk;
			productName = FindADesk;
			productReference = E2D9A10E1B02477200AC80B0 /* FindADesk.app */;
			productType = "com.apple.product-type.application";
		};
		E2D9A1261B02477200AC80B0 /* FindADeskTests */ = {
			isa = PBXNativeTarget;
			buildConfigurationList = E2D9A1341B02477200AC80B0 /* Build configuration list for PBXNativeTarget "FindADeskTests" */;
			buildPhases = (
				E2D9A1231B02477200AC80B0 /* Sources */,
				E2D9A1241B02477200AC80B0 /* Frameworks */,
				E2D9A1251B02477200AC80B0 /* Resources */,
			);
			buildRules = (
			);
			dependencies = (
				E2D9A1291B02477200AC80B0 /* PBXTargetDependency */,
			);
			name = FindADeskTests;
			productName = FindADeskTests;
			productReference = E2D9A1271B02477200AC80B0 /* FindADeskTests.xctest */;
			productType = "com.apple.product-type.bundle.unit-test";
		};
/* End PBXNativeTarget section */

/* Begin PBXProject section */
		E2D9A1061B02477200AC80B0 /* Project object */ = {
			isa = PBXProject;
			attributes = {
				LastUpgradeCheck = 0610;
				ORGANIZATIONNAME = "Lionel Lienafa";
				TargetAttributes = {
					E2D9A10D1B02477200AC80B0 = {
						CreatedOnToolsVersion = 6.1.1;
						DevelopmentTeam = 8799JS9Z7H;
					};
					E2D9A1261B02477200AC80B0 = {
						CreatedOnToolsVersion = 6.1.1;
						TestTargetID = E2D9A10D1B02477200AC80B0;
					};
				};
			};
			buildConfigurationList = E2D9A1091B02477200AC80B0 /* Build configuration list for PBXProject "FindADesk" */;
			compatibilityVersion = "Xcode 3.2";
			developmentRegion = English;
			hasScannedForEncodings = 0;
			knownRegions = (
				en,
				Base,
			);
			mainGroup = E2D9A1051B02477200AC80B0;
			productRefGroup = E2D9A10F1B02477200AC80B0 /* Products */;
			projectDirPath = "";
			projectRoot = "";
			targets = (
				E2D9A10D1B02477200AC80B0 /* FindADesk */,
				E2D9A1261B02477200AC80B0 /* FindADeskTests */,
			);
		};
/* End PBXProject section */

/* Begin PBXResourcesBuildPhase section */
		E2D9A10C1B02477200AC80B0 /* Resources */ = {
			isa = PBXResourcesBuildPhase;
			buildActionMask = 2147483647;
			files = (
				E2D9A11D1B02477200AC80B0 /* Main.storyboard in Resources */,
				E2D9A1221B02477200AC80B0 /* LaunchScreen.xib in Resources */,
				E2D9A11F1B02477200AC80B0 /* Images.xcassets in Resources */,
			);
			runOnlyForDeploymentPostprocessing = 0;
		};
		E2D9A1251B02477200AC80B0 /* Resources */ = {
			isa = PBXResourcesBuildPhase;
			buildActionMask = 2147483647;
			files = (
			);
			runOnlyForDeploymentPostprocessing = 0;
		};
/* End PBXResourcesBuildPhase section */

/* Begin PBXSourcesBuildPhase section */
		E2D9A10A1B02477200AC80B0 /* Sources */ = {
			isa = PBXSourcesBuildPhase;
			buildActionMask = 2147483647;
			files = (
				E26869A41B0E72F300801089 /* User.m in Sources */,
				E2D9A11A1B02477200AC80B0 /* HomeViewController.m in Sources */,
				E2BA369E1B4A9CD30055D985 /* BookingViewController.m in Sources */,
				E2F7921B1B1DF10100FB70A7 /* UserService.m in Sources */,
				E23274B51B31B9AB0043245F /* Booking+JSONSerializer.m in Sources */,
				E2D9A1171B02477200AC80B0 /* AppDelegate.m in Sources */,
				E286D5BA1B4983860009B20E /* WorkspaceViewController.m in Sources */,
				E20F21B31B2EC57B00F6B489 /* MyBookingsListViewController.m in Sources */,
				E2285BC41B44A3C900EA9E02 /* WorkspaceListViewController.m in Sources */,
				E26869A11B0E716200801089 /* CardType.m in Sources */,
				E241E6471B60C71800105343 /* Annotation.m in Sources */,
				E20F21B61B2ECCA000F6B489 /* AuthenticationService.m in Sources */,
				E20F21B01B2EC16B00F6B489 /* LoginViewController.m in Sources */,
				E26869A71B0E740800801089 /* Workspace.m in Sources */,
				E26869AB1B0E755100801089 /* Booking.m in Sources */,
				E2D9A1141B02477200AC80B0 /* main.m in Sources */,
				E29C144F1B60184E00A8B439 /* SubscribeViewController.m in Sources */,
				E237ED1A1B433D3D00A02C1B /* BookingService.m in Sources */,
				E26869AE1B0E77CB00801089 /* WorkspaceType.m in Sources */,
				E241E6441B6099CF00105343 /* WorkspaceTypeService.m in Sources */,
				E2FA4E361B15033000DADB6D /* Workspace+JSONSerializer.m in Sources */,
				E2ECEDE81B1D90F600B5A69A /* CardType+JSONSerializer.m in Sources */,
				E286D5B71B45E6980009B20E /* WorkspaceService.m in Sources */,
				E2285BC11B448EDB00EA9E02 /* FindLocationViewController.m in Sources */,
				E2F792181B1DEFFA00FB70A7 /* SessionManager.m in Sources */,
				E234689B1B4C524200213ADC /* MapViewController.m in Sources */,
				E2ECEDEB1B1D936B00B5A69A /* WorkspaceType+JSONSerializer.m in Sources */,
				E26869B11B0F990700801089 /* User+JSONSerializer.m in Sources */,
			);
			runOnlyForDeploymentPostprocessing = 0;
		};
		E2D9A1231B02477200AC80B0 /* Sources */ = {
			isa = PBXSourcesBuildPhase;
			buildActionMask = 2147483647;
			files = (
				E2D9A12E1B02477200AC80B0 /* FindADeskTests.m in Sources */,
			);
			runOnlyForDeploymentPostprocessing = 0;
		};
/* End PBXSourcesBuildPhase section */

/* Begin PBXTargetDependency section */
		E2D9A1291B02477200AC80B0 /* PBXTargetDependency */ = {
			isa = PBXTargetDependency;
			target = E2D9A10D1B02477200AC80B0 /* FindADesk */;
			targetProxy = E2D9A1281B02477200AC80B0 /* PBXContainerItemProxy */;
		};
/* End PBXTargetDependency section */

/* Begin PBXVariantGroup section */
		E2D9A11B1B02477200AC80B0 /* Main.storyboard */ = {
			isa = PBXVariantGroup;
			children = (
				E2D9A11C1B02477200AC80B0 /* Base */,
			);
			name = Main.storyboard;
			sourceTree = "<group>";
		};
		E2D9A1201B02477200AC80B0 /* LaunchScreen.xib */ = {
			isa = PBXVariantGroup;
			children = (
				E2D9A1211B02477200AC80B0 /* Base */,
			);
			name = LaunchScreen.xib;
			sourceTree = "<group>";
		};
/* End PBXVariantGroup section */

/* Begin XCBuildConfiguration section */
		E2D9A12F1B02477200AC80B0 /* Debug */ = {
			isa = XCBuildConfiguration;
			buildSettings = {
				ALWAYS_SEARCH_USER_PATHS = NO;
				CLANG_CXX_LANGUAGE_STANDARD = "gnu++0x";
				CLANG_CXX_LIBRARY = "libc++";
				CLANG_ENABLE_MODULES = YES;
				CLANG_ENABLE_OBJC_ARC = YES;
				CLANG_WARN_BOOL_CONVERSION = YES;
				CLANG_WARN_CONSTANT_CONVERSION = YES;
				CLANG_WARN_DIRECT_OBJC_ISA_USAGE = YES_ERROR;
				CLANG_WARN_EMPTY_BODY = YES;
				CLANG_WARN_ENUM_CONVERSION = YES;
				CLANG_WARN_INT_CONVERSION = YES;
				CLANG_WARN_OBJC_ROOT_CLASS = YES_ERROR;
				CLANG_WARN_UNREACHABLE_CODE = YES;
				CLANG_WARN__DUPLICATE_METHOD_MATCH = YES;
				"CODE_SIGN_IDENTITY[sdk=iphoneos*]" = "iPhone Developer";
				COPY_PHASE_STRIP = NO;
				ENABLE_STRICT_OBJC_MSGSEND = YES;
				GCC_C_LANGUAGE_STANDARD = gnu99;
				GCC_DYNAMIC_NO_PIC = NO;
				GCC_OPTIMIZATION_LEVEL = 0;
				GCC_PREPROCESSOR_DEFINITIONS = (
					"DEBUG=1",
					"$(inherited)",
				);
				GCC_SYMBOLS_PRIVATE_EXTERN = NO;
				GCC_WARN_64_TO_32_BIT_CONVERSION = YES;
				GCC_WARN_ABOUT_RETURN_TYPE = YES_ERROR;
				GCC_WARN_UNDECLARED_SELECTOR = YES;
				GCC_WARN_UNINITIALIZED_AUTOS = YES_AGGRESSIVE;
				GCC_WARN_UNUSED_FUNCTION = YES;
				GCC_WARN_UNUSED_VARIABLE = YES;
				IPHONEOS_DEPLOYMENT_TARGET = 8.1;
				MTL_ENABLE_DEBUG_INFO = YES;
				ONLY_ACTIVE_ARCH = YES;
				SDKROOT = iphoneos;
			};
			name = Debug;
		};
		E2D9A1301B02477200AC80B0 /* Release */ = {
			isa = XCBuildConfiguration;
			buildSettings = {
				ALWAYS_SEARCH_USER_PATHS = NO;
				CLANG_CXX_LANGUAGE_STANDARD = "gnu++0x";
				CLANG_CXX_LIBRARY = "libc++";
				CLANG_ENABLE_MODULES = YES;
				CLANG_ENABLE_OBJC_ARC = YES;
				CLANG_WARN_BOOL_CONVERSION = YES;
				CLANG_WARN_CONSTANT_CONVERSION = YES;
				CLANG_WARN_DIRECT_OBJC_ISA_USAGE = YES_ERROR;
				CLANG_WARN_EMPTY_BODY = YES;
				CLANG_WARN_ENUM_CONVERSION = YES;
				CLANG_WARN_INT_CONVERSION = YES;
				CLANG_WARN_OBJC_ROOT_CLASS = YES_ERROR;
				CLANG_WARN_UNREACHABLE_CODE = YES;
				CLANG_WARN__DUPLICATE_METHOD_MATCH = YES;
				"CODE_SIGN_IDENTITY[sdk=iphoneos*]" = "iPhone Developer";
				COPY_PHASE_STRIP = YES;
				ENABLE_NS_ASSERTIONS = NO;
				ENABLE_STRICT_OBJC_MSGSEND = YES;
				GCC_C_LANGUAGE_STANDARD = gnu99;
				GCC_WARN_64_TO_32_BIT_CONVERSION = YES;
				GCC_WARN_ABOUT_RETURN_TYPE = YES_ERROR;
				GCC_WARN_UNDECLARED_SELECTOR = YES;
				GCC_WARN_UNINITIALIZED_AUTOS = YES_AGGRESSIVE;
				GCC_WARN_UNUSED_FUNCTION = YES;
				GCC_WARN_UNUSED_VARIABLE = YES;
				IPHONEOS_DEPLOYMENT_TARGET = 8.1;
				MTL_ENABLE_DEBUG_INFO = NO;
				SDKROOT = iphoneos;
				VALIDATE_PRODUCT = YES;
			};
			name = Release;
		};
		E2D9A1321B02477200AC80B0 /* Debug */ = {
			isa = XCBuildConfiguration;
			buildSettings = {
				ASSETCATALOG_COMPILER_APPICON_NAME = AppIcon;
				CODE_SIGN_IDENTITY = "iPhone Developer";
				INFOPLIST_FILE = FindADesk/Info.plist;
				LD_RUNPATH_SEARCH_PATHS = "$(inherited) @executable_path/Frameworks";
				PRODUCT_NAME = "$(TARGET_NAME)";
			};
			name = Debug;
		};
		E2D9A1331B02477200AC80B0 /* Release */ = {
			isa = XCBuildConfiguration;
			buildSettings = {
				ASSETCATALOG_COMPILER_APPICON_NAME = AppIcon;
				CODE_SIGN_IDENTITY = "iPhone Developer";
				INFOPLIST_FILE = FindADesk/Info.plist;
				LD_RUNPATH_SEARCH_PATHS = "$(inherited) @executable_path/Frameworks";
				PRODUCT_NAME = "$(TARGET_NAME)";
			};
			name = Release;
		};
		E2D9A1351B02477200AC80B0 /* Debug */ = {
			isa = XCBuildConfiguration;
			buildSettings = {
				BUNDLE_LOADER = "$(TEST_HOST)";
				FRAMEWORK_SEARCH_PATHS = (
					"$(SDKROOT)/Developer/Library/Frameworks",
					"$(inherited)",
				);
				GCC_PREPROCESSOR_DEFINITIONS = (
					"DEBUG=1",
					"$(inherited)",
				);
				INFOPLIST_FILE = FindADeskTests/Info.plist;
				LD_RUNPATH_SEARCH_PATHS = "$(inherited) @executable_path/Frameworks @loader_path/Frameworks";
				PRODUCT_NAME = "$(TARGET_NAME)";
				TEST_HOST = "$(BUILT_PRODUCTS_DIR)/FindADesk.app/FindADesk";
			};
			name = Debug;
		};
		E2D9A1361B02477200AC80B0 /* Release */ = {
			isa = XCBuildConfiguration;
			buildSettings = {
				BUNDLE_LOADER = "$(TEST_HOST)";
				FRAMEWORK_SEARCH_PATHS = (
					"$(SDKROOT)/Developer/Library/Frameworks",
					"$(inherited)",
				);
				INFOPLIST_FILE = FindADeskTests/Info.plist;
				LD_RUNPATH_SEARCH_PATHS = "$(inherited) @executable_path/Frameworks @loader_path/Frameworks";
				PRODUCT_NAME = "$(TARGET_NAME)";
				TEST_HOST = "$(BUILT_PRODUCTS_DIR)/FindADesk.app/FindADesk";
			};
			name = Release;
		};
/* End XCBuildConfiguration section */

/* Begin XCConfigurationList section */
		E2D9A1091B02477200AC80B0 /* Build configuration list for PBXProject "FindADesk" */ = {
			isa = XCConfigurationList;
			buildConfigurations = (
				E2D9A12F1B02477200AC80B0 /* Debug */,
				E2D9A1301B02477200AC80B0 /* Release */,
			);
			defaultConfigurationIsVisible = 0;
			defaultConfigurationName = Release;
		};
		E2D9A1311B02477200AC80B0 /* Build configuration list for PBXNativeTarget "FindADesk" */ = {
			isa = XCConfigurationList;
			buildConfigurations = (
				E2D9A1321B02477200AC80B0 /* Debug */,
				E2D9A1331B02477200AC80B0 /* Release */,
			);
			defaultConfigurationIsVisible = 0;
			defaultConfigurationName = Release;
		};
		E2D9A1341B02477200AC80B0 /* Build configuration list for PBXNativeTarget "FindADeskTests" */ = {
			isa = XCConfigurationList;
			buildConfigurations = (
				E2D9A1351B02477200AC80B0 /* Debug */,
				E2D9A1361B02477200AC80B0 /* Release */,
			);
			defaultConfigurationIsVisible = 0;
			defaultConfigurationName = Release;
		};
/* End XCConfigurationList section */
	};
	rootObject = E2D9A1061B02477200AC80B0 /* Project object */;
}
